// !$*UTF8*$!
{
	archiveVersion = 1;
	classes = {
	};
	objectVersion = 50;
	objects = {

/* Begin PBXBuildFile section */
		320A0F0E232B1F8A0044F075 /* SwipeCell.swift in Sources */ = {isa = PBXBuildFile; fileRef = 320A0F0D232B1F8A0044F075 /* SwipeCell.swift */; };
		3215419823284E1A001CA18D /* RestAPI.swift in Sources */ = {isa = PBXBuildFile; fileRef = 3215419723284E1A001CA18D /* RestAPI.swift */; };
		3215419B23285E1D001CA18D /* NoteModel.swift in Sources */ = {isa = PBXBuildFile; fileRef = 3215419A23285E1D001CA18D /* NoteModel.swift */; };
		321541B12329BA14001CA18D /* Swiftly_NotesTests.swift in Sources */ = {isa = PBXBuildFile; fileRef = 321541B02329BA14001CA18D /* Swiftly_NotesTests.swift */; };
		3261341E232840B700C85FA4 /* AppDelegate.swift in Sources */ = {isa = PBXBuildFile; fileRef = 3261341D232840B700C85FA4 /* AppDelegate.swift */; };
		32613420232840B700C85FA4 /* MainVC.swift in Sources */ = {isa = PBXBuildFile; fileRef = 3261341F232840B700C85FA4 /* MainVC.swift */; };
		32613423232840B700C85FA4 /* Main.storyboard in Resources */ = {isa = PBXBuildFile; fileRef = 32613421232840B700C85FA4 /* Main.storyboard */; };
		32613425232840B800C85FA4 /* Assets.xcassets in Resources */ = {isa = PBXBuildFile; fileRef = 32613424232840B800C85FA4 /* Assets.xcassets */; };
		32613428232840B800C85FA4 /* LaunchScreen.storyboard in Resources */ = {isa = PBXBuildFile; fileRef = 32613426232840B800C85FA4 /* LaunchScreen.storyboard */; };
		32CD2EF2232C49A800BF2573 /* RestAPI+Extension.swift in Sources */ = {isa = PBXBuildFile; fileRef = 32CD2EF1232C49A800BF2573 /* RestAPI+Extension.swift */; };
		32CD2EF4232C62FC00BF2573 /* MainVC+TableView.swift in Sources */ = {isa = PBXBuildFile; fileRef = 32CD2EF3232C62FC00BF2573 /* MainVC+TableView.swift */; };
		32CD2EF6232C658600BF2573 /* NoteDetailVC.swift in Sources */ = {isa = PBXBuildFile; fileRef = 32CD2EF5232C658600BF2573 /* NoteDetailVC.swift */; };
		32D78147232E63650047C743 /* UIViewController+Extension.swift in Sources */ = {isa = PBXBuildFile; fileRef = 32D78146232E63650047C743 /* UIViewController+Extension.swift */; };
/* End PBXBuildFile section */

/* Begin PBXContainerItemProxy section */
		321541B32329BA14001CA18D /* PBXContainerItemProxy */ = {
			isa = PBXContainerItemProxy;
			containerPortal = 32613412232840B600C85FA4 /* Project object */;
			proxyType = 1;
			remoteGlobalIDString = 32613419232840B700C85FA4;
			remoteInfo = "Swiftly Notes";
		};
/* End PBXContainerItemProxy section */

/* Begin PBXFileReference section */
		320A0F0D232B1F8A0044F075 /* SwipeCell.swift */ = {isa = PBXFileReference; lastKnownFileType = sourcecode.swift; path = SwipeCell.swift; sourceTree = "<group>"; };
		3215419723284E1A001CA18D /* RestAPI.swift */ = {isa = PBXFileReference; lastKnownFileType = sourcecode.swift; path = RestAPI.swift; sourceTree = "<group>"; };
		3215419A23285E1D001CA18D /* NoteModel.swift */ = {isa = PBXFileReference; lastKnownFileType = sourcecode.swift; path = NoteModel.swift; sourceTree = "<group>"; };
		321541AE2329BA14001CA18D /* Swiftly NotesTests.xctest */ = {isa = PBXFileReference; explicitFileType = wrapper.cfbundle; includeInIndex = 0; path = "Swiftly NotesTests.xctest"; sourceTree = BUILT_PRODUCTS_DIR; };
		321541B02329BA14001CA18D /* Swiftly_NotesTests.swift */ = {isa = PBXFileReference; lastKnownFileType = sourcecode.swift; path = Swiftly_NotesTests.swift; sourceTree = "<group>"; };
		321541B22329BA14001CA18D /* Info.plist */ = {isa = PBXFileReference; lastKnownFileType = text.plist.xml; path = Info.plist; sourceTree = "<group>"; };
		3261341A232840B700C85FA4 /* Swiftly Notes.app */ = {isa = PBXFileReference; explicitFileType = wrapper.application; includeInIndex = 0; path = "Swiftly Notes.app"; sourceTree = BUILT_PRODUCTS_DIR; };
		3261341D232840B700C85FA4 /* AppDelegate.swift */ = {isa = PBXFileReference; lastKnownFileType = sourcecode.swift; path = AppDelegate.swift; sourceTree = "<group>"; };
		3261341F232840B700C85FA4 /* MainVC.swift */ = {isa = PBXFileReference; lastKnownFileType = sourcecode.swift; path = MainVC.swift; sourceTree = "<group>"; };
		32613422232840B700C85FA4 /* Base */ = {isa = PBXFileReference; lastKnownFileType = file.storyboard; name = Base; path = Base.lproj/Main.storyboard; sourceTree = "<group>"; };
		32613424232840B800C85FA4 /* Assets.xcassets */ = {isa = PBXFileReference; lastKnownFileType = folder.assetcatalog; path = Assets.xcassets; sourceTree = "<group>"; };
		32613427232840B800C85FA4 /* Base */ = {isa = PBXFileReference; lastKnownFileType = file.storyboard; name = Base; path = Base.lproj/LaunchScreen.storyboard; sourceTree = "<group>"; };
		32613429232840B800C85FA4 /* Info.plist */ = {isa = PBXFileReference; lastKnownFileType = text.plist.xml; path = Info.plist; sourceTree = "<group>"; };
		32CD2EF1232C49A800BF2573 /* RestAPI+Extension.swift */ = {isa = PBXFileReference; lastKnownFileType = sourcecode.swift; path = "RestAPI+Extension.swift"; sourceTree = "<group>"; };
		32CD2EF3232C62FC00BF2573 /* MainVC+TableView.swift */ = {isa = PBXFileReference; lastKnownFileType = sourcecode.swift; path = "MainVC+TableView.swift"; sourceTree = "<group>"; };
		32CD2EF5232C658600BF2573 /* NoteDetailVC.swift */ = {isa = PBXFileReference; lastKnownFileType = sourcecode.swift; path = NoteDetailVC.swift; sourceTree = "<group>"; };
		32D78146232E63650047C743 /* UIViewController+Extension.swift */ = {isa = PBXFileReference; lastKnownFileType = sourcecode.swift; path = "UIViewController+Extension.swift"; sourceTree = "<group>"; };
/* End PBXFileReference section */

/* Begin PBXFrameworksBuildPhase section */
		321541AB2329BA14001CA18D /* Frameworks */ = {
			isa = PBXFrameworksBuildPhase;
			buildActionMask = 2147483647;
			files = (
			);
			runOnlyForDeploymentPostprocessing = 0;
		};
		32613417232840B700C85FA4 /* Frameworks */ = {
			isa = PBXFrameworksBuildPhase;
			buildActionMask = 2147483647;
			files = (
			);
			runOnlyForDeploymentPostprocessing = 0;
		};
/* End PBXFrameworksBuildPhase section */

/* Begin PBXGroup section */
		3215419923285DA2001CA18D /* Models */ = {
			isa = PBXGroup;
			children = (
				3215419A23285E1D001CA18D /* NoteModel.swift */,
			);
			path = Models;
			sourceTree = "<group>";
		};
		321541AF2329BA14001CA18D /* Swiftly NotesTests */ = {
			isa = PBXGroup;
			children = (
				321541B02329BA14001CA18D /* Swiftly_NotesTests.swift */,
				321541B22329BA14001CA18D /* Info.plist */,
			);
			path = "Swiftly NotesTests";
			sourceTree = "<group>";
		};
		32613411232840B600C85FA4 = {
			isa = PBXGroup;
			children = (
				3261341C232840B700C85FA4 /* Swiftly Notes */,
				321541AF2329BA14001CA18D /* Swiftly NotesTests */,
				3261341B232840B700C85FA4 /* Products */,
			);
			sourceTree = "<group>";
		};
		3261341B232840B700C85FA4 /* Products */ = {
			isa = PBXGroup;
			children = (
				3261341A232840B700C85FA4 /* Swiftly Notes.app */,
				321541AE2329BA14001CA18D /* Swiftly NotesTests.xctest */,
			);
			name = Products;
			sourceTree = "<group>";
		};
		3261341C232840B700C85FA4 /* Swiftly Notes */ = {
			isa = PBXGroup;
			children = (
				32CD2EF7232E62D800BF2573 /* Extensions */,
				32CD2EEE232C107700BF2573 /* Features */,
				32613431232849E200C85FA4 /* Networking */,
				3261341D232840B700C85FA4 /* AppDelegate.swift */,
				32613421232840B700C85FA4 /* Main.storyboard */,
				32613424232840B800C85FA4 /* Assets.xcassets */,
				32613426232840B800C85FA4 /* LaunchScreen.storyboard */,
				32613429232840B800C85FA4 /* Info.plist */,
			);
			path = "Swiftly Notes";
			sourceTree = "<group>";
		};
		32613431232849E200C85FA4 /* Networking */ = {
			isa = PBXGroup;
			children = (
				3215419923285DA2001CA18D /* Models */,
				3215419723284E1A001CA18D /* RestAPI.swift */,
				32CD2EF1232C49A800BF2573 /* RestAPI+Extension.swift */,
			);
			path = Networking;
			sourceTree = "<group>";
		};
		32CD2EEE232C107700BF2573 /* Features */ = {
			isa = PBXGroup;
			children = (
				32CD2EEF232C107F00BF2573 /* Main screen */,
				32CD2EF0232C109000BF2573 /* Note detail */,
			);
			path = Features;
			sourceTree = "<group>";
		};
		32CD2EEF232C107F00BF2573 /* Main screen */ = {
			isa = PBXGroup;
			children = (
				3261341F232840B700C85FA4 /* MainVC.swift */,
				32CD2EF3232C62FC00BF2573 /* MainVC+TableView.swift */,
				320A0F0D232B1F8A0044F075 /* SwipeCell.swift */,
			);
			path = "Main screen";
			sourceTree = "<group>";
		};
		32CD2EF0232C109000BF2573 /* Note detail */ = {
			isa = PBXGroup;
			children = (
				32CD2EF5232C658600BF2573 /* NoteDetailVC.swift */,
			);
			path = "Note detail";
			sourceTree = "<group>";
		};
		32CD2EF7232E62D800BF2573 /* Extensions */ = {
			isa = PBXGroup;
			children = (
				32D78146232E63650047C743 /* UIViewController+Extension.swift */,
			);
			path = Extensions;
			sourceTree = "<group>";
		};
/* End PBXGroup section */

/* Begin PBXNativeTarget section */
		321541AD2329BA14001CA18D /* Swiftly NotesTests */ = {
			isa = PBXNativeTarget;
			buildConfigurationList = 321541B52329BA14001CA18D /* Build configuration list for PBXNativeTarget "Swiftly NotesTests" */;
			buildPhases = (
				321541AA2329BA14001CA18D /* Sources */,
				321541AB2329BA14001CA18D /* Frameworks */,
				321541AC2329BA14001CA18D /* Resources */,
			);
			buildRules = (
			);
			dependencies = (
				321541B42329BA14001CA18D /* PBXTargetDependency */,
			);
			name = "Swiftly NotesTests";
			productName = "Swiftly NotesTests";
			productReference = 321541AE2329BA14001CA18D /* Swiftly NotesTests.xctest */;
			productType = "com.apple.product-type.bundle.unit-test";
		};
		32613419232840B700C85FA4 /* Swiftly Notes */ = {
			isa = PBXNativeTarget;
			buildConfigurationList = 3261342C232840B800C85FA4 /* Build configuration list for PBXNativeTarget "Swiftly Notes" */;
			buildPhases = (
				32613416232840B700C85FA4 /* Sources */,
				32613417232840B700C85FA4 /* Frameworks */,
				32613418232840B700C85FA4 /* Resources */,
			);
			buildRules = (
			);
			dependencies = (
			);
			name = "Swiftly Notes";
			productName = "Swiftly Notes";
			productReference = 3261341A232840B700C85FA4 /* Swiftly Notes.app */;
			productType = "com.apple.product-type.application";
		};
/* End PBXNativeTarget section */

/* Begin PBXProject section */
		32613412232840B600C85FA4 /* Project object */ = {
			isa = PBXProject;
			attributes = {
				LastSwiftUpdateCheck = 1030;
				LastUpgradeCheck = 1030;
				ORGANIZATIONNAME = "Michal Géci";
				TargetAttributes = {
					321541AD2329BA14001CA18D = {
						CreatedOnToolsVersion = 10.3;
						TestTargetID = 32613419232840B700C85FA4;
					};
					32613419232840B700C85FA4 = {
						CreatedOnToolsVersion = 10.3;
					};
				};
			};
			buildConfigurationList = 32613415232840B600C85FA4 /* Build configuration list for PBXProject "Swiftly Notes" */;
			compatibilityVersion = "Xcode 9.3";
			developmentRegion = en;
			hasScannedForEncodings = 0;
			knownRegions = (
				en,
				Base,
			);
			mainGroup = 32613411232840B600C85FA4;
			productRefGroup = 3261341B232840B700C85FA4 /* Products */;
			projectDirPath = "";
			projectRoot = "";
			targets = (
				32613419232840B700C85FA4 /* Swiftly Notes */,
				321541AD2329BA14001CA18D /* Swiftly NotesTests */,
			);
		};
/* End PBXProject section */

/* Begin PBXResourcesBuildPhase section */
		321541AC2329BA14001CA18D /* Resources */ = {
			isa = PBXResourcesBuildPhase;
			buildActionMask = 2147483647;
			files = (
			);
			runOnlyForDeploymentPostprocessing = 0;
		};
		32613418232840B700C85FA4 /* Resources */ = {
			isa = PBXResourcesBuildPhase;
			buildActionMask = 2147483647;
			files = (
				32613428232840B800C85FA4 /* LaunchScreen.storyboard in Resources */,
				32613425232840B800C85FA4 /* Assets.xcassets in Resources */,
				32613423232840B700C85FA4 /* Main.storyboard in Resources */,
			);
			runOnlyForDeploymentPostprocessing = 0;
		};
/* End PBXResourcesBuildPhase section */

/* Begin PBXSourcesBuildPhase section */
		321541AA2329BA14001CA18D /* Sources */ = {
			isa = PBXSourcesBuildPhase;
			buildActionMask = 2147483647;
			files = (
				321541B12329BA14001CA18D /* Swiftly_NotesTests.swift in Sources */,
			);
			runOnlyForDeploymentPostprocessing = 0;
		};
		32613416232840B700C85FA4 /* Sources */ = {
			isa = PBXSourcesBuildPhase;
			buildActionMask = 2147483647;
			files = (
				32D78147232E63650047C743 /* UIViewController+Extension.swift in Sources */,
				32CD2EF4232C62FC00BF2573 /* MainVC+TableView.swift in Sources */,
				32613420232840B700C85FA4 /* MainVC.swift in Sources */,
				3215419B23285E1D001CA18D /* NoteModel.swift in Sources */,
				320A0F0E232B1F8A0044F075 /* SwipeCell.swift in Sources */,
				3261341E232840B700C85FA4 /* AppDelegate.swift in Sources */,
				32CD2EF2232C49A800BF2573 /* RestAPI+Extension.swift in Sources */,
				3215419823284E1A001CA18D /* RestAPI.swift in Sources */,
				32CD2EF6232C658600BF2573 /* NoteDetailVC.swift in Sources */,
			);
			runOnlyForDeploymentPostprocessing = 0;
		};
/* End PBXSourcesBuildPhase section */

/* Begin PBXTargetDependency section */
		321541B42329BA14001CA18D /* PBXTargetDependency */ = {
			isa = PBXTargetDependency;
			target = 32613419232840B700C85FA4 /* Swiftly Notes */;
			targetProxy = 321541B32329BA14001CA18D /* PBXContainerItemProxy */;
		};
/* End PBXTargetDependency section */

/* Begin PBXVariantGroup section */
		32613421232840B700C85FA4 /* Main.storyboard */ = {
			isa = PBXVariantGroup;
			children = (
				32613422232840B700C85FA4 /* Base */,
			);
			name = Main.storyboard;
			sourceTree = "<group>";
		};
		32613426232840B800C85FA4 /* LaunchScreen.storyboard */ = {
			isa = PBXVariantGroup;
			children = (
				32613427232840B800C85FA4 /* Base */,
			);
			name = LaunchScreen.storyboard;
			sourceTree = "<group>";
		};
/* End PBXVariantGroup section */

/* Begin XCBuildConfiguration section */
		321541B62329BA14001CA18D /* Debug */ = {
			isa = XCBuildConfiguration;
			buildSettings = {
				BUNDLE_LOADER = "$(TEST_HOST)";
				CODE_SIGN_STYLE = Automatic;
				DEVELOPMENT_TEAM = HX4HR49YWB;
				INFOPLIST_FILE = "Swiftly NotesTests/Info.plist";
				LD_RUNPATH_SEARCH_PATHS = (
					"$(inherited)",
					"@executable_path/Frameworks",
					"@loader_path/Frameworks",
				);
				PRODUCT_BUNDLE_IDENTIFIER = "Michal-Geci.Swiftly-NotesTests";
				PRODUCT_NAME = "$(TARGET_NAME)";
				SWIFT_VERSION = 5.0;
				TARGETED_DEVICE_FAMILY = "1,2";
				TEST_HOST = "$(BUILT_PRODUCTS_DIR)/Swiftly Notes.app/Swiftly Notes";
			};
			name = Debug;
		};
		321541B72329BA14001CA18D /* Release */ = {
			isa = XCBuildConfiguration;
			buildSettings = {
				BUNDLE_LOADER = "$(TEST_HOST)";
				CODE_SIGN_STYLE = Automatic;
				DEVELOPMENT_TEAM = HX4HR49YWB;
				INFOPLIST_FILE = "Swiftly NotesTests/Info.plist";
				LD_RUNPATH_SEARCH_PATHS = (
					"$(inherited)",
					"@executable_path/Frameworks",
					"@loader_path/Frameworks",
				);
				PRODUCT_BUNDLE_IDENTIFIER = "Michal-Geci.Swiftly-NotesTests";
				PRODUCT_NAME = "$(TARGET_NAME)";
				SWIFT_VERSION = 5.0;
				TARGETED_DEVICE_FAMILY = "1,2";
				TEST_HOST = "$(BUILT_PRODUCTS_DIR)/Swiftly Notes.app/Swiftly Notes";
			};
			name = Release;
		};
		3261342A232840B800C85FA4 /* Debug */ = {
			isa = XCBuildConfiguration;
			buildSettings = {
				ALWAYS_SEARCH_USER_PATHS = NO;
				CLANG_ANALYZER_NONNULL = YES;
				CLANG_ANALYZER_NUMBER_OBJECT_CONVERSION = YES_AGGRESSIVE;
				CLANG_CXX_LANGUAGE_STANDARD = "gnu++14";
				CLANG_CXX_LIBRARY = "libc++";
				CLANG_ENABLE_MODULES = YES;
				CLANG_ENABLE_OBJC_ARC = YES;
				CLANG_ENABLE_OBJC_WEAK = YES;
				CLANG_WARN_BLOCK_CAPTURE_AUTORELEASING = YES;
				CLANG_WARN_BOOL_CONVERSION = YES;
				CLANG_WARN_COMMA = YES;
				CLANG_WARN_CONSTANT_CONVERSION = YES;
				CLANG_WARN_DEPRECATED_OBJC_IMPLEMENTATIONS = YES;
				CLANG_WARN_DIRECT_OBJC_ISA_USAGE = YES_ERROR;
				CLANG_WARN_DOCUMENTATION_COMMENTS = YES;
				CLANG_WARN_EMPTY_BODY = YES;
				CLANG_WARN_ENUM_CONVERSION = YES;
				CLANG_WARN_INFINITE_RECURSION = YES;
				CLANG_WARN_INT_CONVERSION = YES;
				CLANG_WARN_NON_LITERAL_NULL_CONVERSION = YES;
				CLANG_WARN_OBJC_IMPLICIT_RETAIN_SELF = YES;
				CLANG_WARN_OBJC_LITERAL_CONVERSION = YES;
				CLANG_WARN_OBJC_ROOT_CLASS = YES_ERROR;
				CLANG_WARN_RANGE_LOOP_ANALYSIS = YES;
				CLANG_WARN_STRICT_PROTOTYPES = YES;
				CLANG_WARN_SUSPICIOUS_MOVE = YES;
				CLANG_WARN_UNGUARDED_AVAILABILITY = YES_AGGRESSIVE;
				CLANG_WARN_UNREACHABLE_CODE = YES;
				CLANG_WARN__DUPLICATE_METHOD_MATCH = YES;
				CODE_SIGN_IDENTITY = "iPhone Developer";
				COPY_PHASE_STRIP = NO;
				DEBUG_INFORMATION_FORMAT = dwarf;
				ENABLE_STRICT_OBJC_MSGSEND = YES;
				ENABLE_TESTABILITY = YES;
				GCC_C_LANGUAGE_STANDARD = gnu11;
				GCC_DYNAMIC_NO_PIC = NO;
				GCC_NO_COMMON_BLOCKS = YES;
				GCC_OPTIMIZATION_LEVEL = 0;
				GCC_PREPROCESSOR_DEFINITIONS = (
					"DEBUG=1",
					"$(inherited)",
				);
				GCC_WARN_64_TO_32_BIT_CONVERSION = YES;
				GCC_WARN_ABOUT_RETURN_TYPE = YES_ERROR;
				GCC_WARN_UNDECLARED_SELECTOR = YES;
				GCC_WARN_UNINITIALIZED_AUTOS = YES_AGGRESSIVE;
				GCC_WARN_UNUSED_FUNCTION = YES;
				GCC_WARN_UNUSED_VARIABLE = YES;
				IPHONEOS_DEPLOYMENT_TARGET = 12.4;
				MTL_ENABLE_DEBUG_INFO = INCLUDE_SOURCE;
				MTL_FAST_MATH = YES;
				ONLY_ACTIVE_ARCH = YES;
				SDKROOT = iphoneos;
				SWIFT_ACTIVE_COMPILATION_CONDITIONS = DEBUG;
				SWIFT_OPTIMIZATION_LEVEL = "-Onone";
			};
			name = Debug;
		};
		3261342B232840B800C85FA4 /* Release */ = {
			isa = XCBuildConfiguration;
			buildSettings = {
				ALWAYS_SEARCH_USER_PATHS = NO;
				CLANG_ANALYZER_NONNULL = YES;
				CLANG_ANALYZER_NUMBER_OBJECT_CONVERSION = YES_AGGRESSIVE;
				CLANG_CXX_LANGUAGE_STANDARD = "gnu++14";
				CLANG_CXX_LIBRARY = "libc++";
				CLANG_ENABLE_MODULES = YES;
				CLANG_ENABLE_OBJC_ARC = YES;
				CLANG_ENABLE_OBJC_WEAK = YES;
				CLANG_WARN_BLOCK_CAPTURE_AUTORELEASING = YES;
				CLANG_WARN_BOOL_CONVERSION = YES;
				CLANG_WARN_COMMA = YES;
				CLANG_WARN_CONSTANT_CONVERSION = YES;
				CLANG_WARN_DEPRECATED_OBJC_IMPLEMENTATIONS = YES;
				CLANG_WARN_DIRECT_OBJC_ISA_USAGE = YES_ERROR;
				CLANG_WARN_DOCUMENTATION_COMMENTS = YES;
				CLANG_WARN_EMPTY_BODY = YES;
				CLANG_WARN_ENUM_CONVERSION = YES;
				CLANG_WARN_INFINITE_RECURSION = YES;
				CLANG_WARN_INT_CONVERSION = YES;
				CLANG_WARN_NON_LITERAL_NULL_CONVERSION = YES;
				CLANG_WARN_OBJC_IMPLICIT_RETAIN_SELF = YES;
				CLANG_WARN_OBJC_LITERAL_CONVERSION = YES;
				CLANG_WARN_OBJC_ROOT_CLASS = YES_ERROR;
				CLANG_WARN_RANGE_LOOP_ANALYSIS = YES;
				CLANG_WARN_STRICT_PROTOTYPES = YES;
				CLANG_WARN_SUSPICIOUS_MOVE = YES;
				CLANG_WARN_UNGUARDED_AVAILABILITY = YES_AGGRESSIVE;
				CLANG_WARN_UNREACHABLE_CODE = YES;
				CLANG_WARN__DUPLICATE_METHOD_MATCH = YES;
				CODE_SIGN_IDENTITY = "iPhone Developer";
				COPY_PHASE_STRIP = NO;
				DEBUG_INFORMATION_FORMAT = "dwarf-with-dsym";
				ENABLE_NS_ASSERTIONS = NO;
				ENABLE_STRICT_OBJC_MSGSEND = YES;
				GCC_C_LANGUAGE_STANDARD = gnu11;
				GCC_NO_COMMON_BLOCKS = YES;
				GCC_WARN_64_TO_32_BIT_CONVERSION = YES;
				GCC_WARN_ABOUT_RETURN_TYPE = YES_ERROR;
				GCC_WARN_UNDECLARED_SELECTOR = YES;
				GCC_WARN_UNINITIALIZED_AUTOS = YES_AGGRESSIVE;
				GCC_WARN_UNUSED_FUNCTION = YES;
				GCC_WARN_UNUSED_VARIABLE = YES;
				IPHONEOS_DEPLOYMENT_TARGET = 12.4;
				MTL_ENABLE_DEBUG_INFO = NO;
				MTL_FAST_MATH = YES;
				SDKROOT = iphoneos;
				SWIFT_COMPILATION_MODE = wholemodule;
				SWIFT_OPTIMIZATION_LEVEL = "-O";
				VALIDATE_PRODUCT = YES;
			};
			name = Release;
		};
		3261342D232840B800C85FA4 /* Debug */ = {
			isa = XCBuildConfiguration;
			buildSettings = {
				ASSETCATALOG_COMPILER_APPICON_NAME = AppIcon;
				CODE_SIGN_STYLE = Automatic;
				DEVELOPMENT_TEAM = HX4HR49YWB;
				INFOPLIST_FILE = "Swiftly Notes/Info.plist";
				LD_RUNPATH_SEARCH_PATHS = (
					"$(inherited)",
					"@executable_path/Frameworks",
				);
				PRODUCT_BUNDLE_IDENTIFIER = "com.michalgeci.Swiftly-Notes";
				PRODUCT_NAME = "$(TARGET_NAME)";
				SWIFT_VERSION = 5.0;
				TARGETED_DEVICE_FAMILY = "1,2";
			};
			name = Debug;
		};
		3261342E232840B800C85FA4 /* Release */ = {
			isa = XCBuildConfiguration;
			buildSettings = {
				ASSETCATALOG_COMPILER_APPICON_NAME = AppIcon;
				CODE_SIGN_STYLE = Automatic;
				DEVELOPMENT_TEAM = HX4HR49YWB;
				INFOPLIST_FILE = "Swiftly Notes/Info.plist";
				LD_RUNPATH_SEARCH_PATHS = (
					"$(inherited)",
					"@executable_path/Frameworks",
				);
				PRODUCT_BUNDLE_IDENTIFIER = "com.michalgeci.Swiftly-Notes";
				PRODUCT_NAME = "$(TARGET_NAME)";
				SWIFT_VERSION = 5.0;
				TARGETED_DEVICE_FAMILY = "1,2";
			};
			name = Release;
		};
/* End XCBuildConfiguration section */

/* Begin XCConfigurationList section */
		321541B52329BA14001CA18D /* Build configuration list for PBXNativeTarget "Swiftly NotesTests" */ = {
			isa = XCConfigurationList;
			buildConfigurations = (
				321541B62329BA14001CA18D /* Debug */,
				321541B72329BA14001CA18D /* Release */,
			);
			defaultConfigurationIsVisible = 0;
			defaultConfigurationName = Release;
		};
		32613415232840B600C85FA4 /* Build configuration list for PBXProject "Swiftly Notes" */ = {
			isa = XCConfigurationList;
			buildConfigurations = (
				3261342A232840B800C85FA4 /* Debug */,
				3261342B232840B800C85FA4 /* Release */,
			);
			defaultConfigurationIsVisible = 0;
			defaultConfigurationName = Release;
		};
		3261342C232840B800C85FA4 /* Build configuration list for PBXNativeTarget "Swiftly Notes" */ = {
			isa = XCConfigurationList;
			buildConfigurations = (
				3261342D232840B800C85FA4 /* Debug */,
				3261342E232840B800C85FA4 /* Release */,
			);
			defaultConfigurationIsVisible = 0;
			defaultConfigurationName = Release;
		};
/* End XCConfigurationList section */
	};
	rootObject = 32613412232840B600C85FA4 /* Project object */;
}
